
Microsoft Visual Studio Solution File, Format Version 12.00
# Visual Studio Version 16
VisualStudioVersion = 16.0.30413.136
MinimumVisualStudioVersion = 10.0.40219.1
Project("{FAE04EC0-301F-11D3-BF4B-00C04F79EFBC}") = "multiEnd", "multiEnd\multiEnd.csproj", "{573ECE35-27BB-468A-9422-E23F45C795A2}"
EndProject
Global
	GlobalSection(SolutionConfigurationPlatforms) = preSolution
		Debug|Any CPU = Debug|Any CPU
		Release|Any CPU = Release|Any CPU
	EndGlobalSection
	GlobalSection(ProjectConfigurationPlatforms) = postSolution
		{573ECE35-27BB-468A-9422-E23F45C795A2}.Debug|Any CPU.ActiveCfg = Debug|Any CPU
		{573ECE35-27BB-468A-9422-E23F45C795A2}.Debug|Any CPU.Build.0 = Debug|Any CPU
		{573ECE35-27BB-468A-9422-E23F45C795A2}.Release|Any CPU.ActiveCfg = Release|Any CPU
		{573ECE35-27BB-468A-9422-E23F45C795A2}.Release|Any CPU.Build.0 = Release|Any CPU
	EndGlobalSection
	GlobalSection(SolutionProperties) = preSolution
		HideSolutionNode = FALSE
	EndGlobalSection
	GlobalSection(ExtensibilityGlobals) = postSolution
		SolutionGuid = {A3CABB08-C3C0-42D6-A76C-9505BC8B39C7}
	EndGlobalSection
EndGlobal
